
Microsoft Visual Studio Solution File, Format Version 12.00
# Visual Studio 15
VisualStudioVersion = 15.0.27130.2027
MinimumVisualStudioVersion = 10.0.40219.1
Project("{FAE04EC0-301F-11D3-BF4B-00C04F79EFBC}") = "Chapter4Tutorials", "Chapter4Tutorials\Chapter4Tutorials.csproj", "{ECD3B580-7171-467C-825C-57D29A1D13DA}"
EndProject
Project("{FAE04EC0-301F-11D3-BF4B-00C04F79EFBC}") = "Tutorial4-2", "Tutorial4-2\Tutorial4-2.csproj", "{EDF173D8-95FB-4E4E-9563-5153F35744B6}"
EndProject
Project("{FAE04EC0-301F-11D3-BF4B-00C04F79EFBC}") = "Tutorial4-3", "Tutorial4-3\Tutorial4-3.csproj", "{3E7A3C47-1F91-4A69-BBE3-19B67B402ED3}"
EndProject
Project("{FAE04EC0-301F-11D3-BF4B-00C04F79EFBC}") = "Tutorial4-4", "Tutorial4-4\Tutorial4-4.csproj", "{64CF65A7-C329-492E-A590-917C0A5BE97E}"
EndProject
Project("{FAE04EC0-301F-11D3-BF4B-00C04F79EFBC}") = "Tutorial4-5", "Tutorial4-5\Tutorial4-5.csproj", "{F15FEEC5-F14B-4497-8B64-BCF44972A66D}"
EndProject
Global
	GlobalSection(SolutionConfigurationPlatforms) = preSolution
		Debug|Any CPU = Debug|Any CPU
		Release|Any CPU = Release|Any CPU
	EndGlobalSection
	GlobalSection(ProjectConfigurationPlatforms) = postSolution
		{ECD3B580-7171-467C-825C-57D29A1D13DA}.Debug|Any CPU.ActiveCfg = Debug|Any CPU
		{ECD3B580-7171-467C-825C-57D29A1D13DA}.Debug|Any CPU.Build.0 = Debug|Any CPU
		{ECD3B580-7171-467C-825C-57D29A1D13DA}.Release|Any CPU.ActiveCfg = Release|Any CPU
		{ECD3B580-7171-467C-825C-57D29A1D13DA}.Release|Any CPU.Build.0 = Release|Any CPU
		{EDF173D8-95FB-4E4E-9563-5153F35744B6}.Debug|Any CPU.ActiveCfg = Debug|Any CPU
		{EDF173D8-95FB-4E4E-9563-5153F35744B6}.Debug|Any CPU.Build.0 = Debug|Any CPU
		{EDF173D8-95FB-4E4E-9563-5153F35744B6}.Release|Any CPU.ActiveCfg = Release|Any CPU
		{EDF173D8-95FB-4E4E-9563-5153F35744B6}.Release|Any CPU.Build.0 = Release|Any CPU
		{3E7A3C47-1F91-4A69-BBE3-19B67B402ED3}.Debug|Any CPU.ActiveCfg = Debug|Any CPU
		{3E7A3C47-1F91-4A69-BBE3-19B67B402ED3}.Debug|Any CPU.Build.0 = Debug|Any CPU
		{3E7A3C47-1F91-4A69-BBE3-19B67B402ED3}.Release|Any CPU.ActiveCfg = Release|Any CPU
		{3E7A3C47-1F91-4A69-BBE3-19B67B402ED3}.Release|Any CPU.Build.0 = Release|Any CPU
		{64CF65A7-C329-492E-A590-917C0A5BE97E}.Debug|Any CPU.ActiveCfg = Debug|Any CPU
		{64CF65A7-C329-492E-A590-917C0A5BE97E}.Debug|Any CPU.Build.0 = Debug|Any CPU
		{64CF65A7-C329-492E-A590-917C0A5BE97E}.Release|Any CPU.ActiveCfg = Release|Any CPU
		{64CF65A7-C329-492E-A590-917C0A5BE97E}.Release|Any CPU.Build.0 = Release|Any CPU
		{F15FEEC5-F14B-4497-8B64-BCF44972A66D}.Debug|Any CPU.ActiveCfg = Debug|Any CPU
		{F15FEEC5-F14B-4497-8B64-BCF44972A66D}.Debug|Any CPU.Build.0 = Debug|Any CPU
		{F15FEEC5-F14B-4497-8B64-BCF44972A66D}.Release|Any CPU.ActiveCfg = Release|Any CPU
		{F15FEEC5-F14B-4497-8B64-BCF44972A66D}.Release|Any CPU.Build.0 = Release|Any CPU
	EndGlobalSection
	GlobalSection(SolutionProperties) = preSolution
		HideSolutionNode = FALSE
	EndGlobalSection
	GlobalSection(ExtensibilityGlobals) = postSolution
		SolutionGuid = {06F87866-EB5D-4982-BCC7-6C9C9B6A29A3}
	EndGlobalSection
EndGlobal
